
Microsoft Visual Studio Solution File, Format Version 12.00
# Visual Studio Version 16
VisualStudioVersion = 16.0.29306.81
MinimumVisualStudioVersion = 10.0.40219.1
Project("{9A19103F-16F7-4668-BE54-9A1E7A4F7556}") = "Joe303Mod", "Joe303Mod.csproj", "{D435557F-807C-4FD2-994B-2E8A5D21F05E}"
EndProject
Global
	GlobalSection(SolutionConfigurationPlatforms) = preSolution
		Debug|Any CPU = Debug|Any CPU
		Release|Any CPU = Release|Any CPU
	EndGlobalSection
	GlobalSection(ProjectConfigurationPlatforms) = postSolution
		{D435557F-807C-4FD2-994B-2E8A5D21F05E}.Debug|Any CPU.ActiveCfg = Debug|Any CPU
		{D435557F-807C-4FD2-994B-2E8A5D21F05E}.Debug|Any CPU.Build.0 = Debug|Any CPU
		{D435557F-807C-4FD2-994B-2E8A5D21F05E}.Release|Any CPU.ActiveCfg = Release|Any CPU
		{D435557F-807C-4FD2-994B-2E8A5D21F05E}.Release|Any CPU.Build.0 = Release|Any CPU
	EndGlobalSection
	GlobalSection(SolutionProperties) = preSolution
		HideSolutionNode = FALSE
	EndGlobalSection
	GlobalSection(ExtensibilityGlobals) = postSolution
		SolutionGuid = {D8FFAB78-C196-44CB-8DCA-FC134A89C85D}
	EndGlobalSection
EndGlobal
